
Microsoft Visual Studio Solution File, Format Version 12.00
# Visual Studio 15
VisualStudioVersion = 15.0.26430.16
MinimumVisualStudioVersion = 10.0.40219.1
Project("{FAE04EC0-301F-11D3-BF4B-00C04F79EFBC}") = "BlackJack.UI", "BlackJack\BlackJack.UI.csproj", "{7326D655-BFA4-4404-BDD2-C655C15B8A14}"
EndProject
Project("{FAE04EC0-301F-11D3-BF4B-00C04F79EFBC}") = "BlackJack.Core", "BlackJack.Core\BlackJack.Core.csproj", "{C7D5EEF7-D70F-4163-90A0-4A75679A8245}"
EndProject
Global
	GlobalSection(SolutionConfigurationPlatforms) = preSolution
		Debug|Any CPU = Debug|Any CPU
		Release|Any CPU = Release|Any CPU
	EndGlobalSection
	GlobalSection(ProjectConfigurationPlatforms) = postSolution
		{7326D655-BFA4-4404-BDD2-C655C15B8A14}.Debug|Any CPU.ActiveCfg = Debug|Any CPU
		{7326D655-BFA4-4404-BDD2-C655C15B8A14}.Debug|Any CPU.Build.0 = Debug|Any CPU
		{7326D655-BFA4-4404-BDD2-C655C15B8A14}.Release|Any CPU.ActiveCfg = Release|Any CPU
		{7326D655-BFA4-4404-BDD2-C655C15B8A14}.Release|Any CPU.Build.0 = Release|Any CPU
		{C7D5EEF7-D70F-4163-90A0-4A75679A8245}.Debug|Any CPU.ActiveCfg = Debug|Any CPU
		{C7D5EEF7-D70F-4163-90A0-4A75679A8245}.Debug|Any CPU.Build.0 = Debug|Any CPU
		{C7D5EEF7-D70F-4163-90A0-4A75679A8245}.Release|Any CPU.ActiveCfg = Release|Any CPU
		{C7D5EEF7-D70F-4163-90A0-4A75679A8245}.Release|Any CPU.Build.0 = Release|Any CPU
	EndGlobalSection
	GlobalSection(SolutionProperties) = preSolution
		HideSolutionNode = FALSE
	EndGlobalSection
EndGlobal
